// !$*UTF8*$!
{
	archiveVersion = 1;
	classes = {
	};
	objectVersion = 46;
	objects = {

/* Begin PBXBuildFile section */
		855AE2101D1737C000A87EE1 /* Transform.swift in Sources */ = {isa = PBXBuildFile; fileRef = 855AE20F1D1737C000A87EE1 /* Transform.swift */; };
		855AE2121D174AFC00A87EE1 /* LinearTransform.swift in Sources */ = {isa = PBXBuildFile; fileRef = 855AE2111D174AFC00A87EE1 /* LinearTransform.swift */; };
		855AE2141D17509D00A87EE1 /* LogTransform.swift in Sources */ = {isa = PBXBuildFile; fileRef = 855AE2131D17509D00A87EE1 /* LogTransform.swift */; };
		855AE2161D1755F100A87EE1 /* AsinhTransform.swift in Sources */ = {isa = PBXBuildFile; fileRef = 855AE2151D1755F100A87EE1 /* AsinhTransform.swift */; };
		855AE2181D175AF300A87EE1 /* TransformTests.swift in Sources */ = {isa = PBXBuildFile; fileRef = 855AE2171D175AF300A87EE1 /* TransformTests.swift */; };
		85C5CB841D15BFBD00FF5367 /* FlowKit.h in Headers */ = {isa = PBXBuildFile; fileRef = 85C5CB831D15BFBD00FF5367 /* FlowKit.h */; settings = {ATTRIBUTES = (Public, ); }; };
		85C5CB8B1D15BFBD00FF5367 /* FlowKit.framework in Frameworks */ = {isa = PBXBuildFile; fileRef = 85C5CB801D15BFBD00FF5367 /* FlowKit.framework */; };
		85C5CB901D15BFBD00FF5367 /* SampleTests.swift in Sources */ = {isa = PBXBuildFile; fileRef = 85C5CB8F1D15BFBD00FF5367 /* SampleTests.swift */; };
		85C5CB9B1D15C10600FF5367 /* Sample.swift in Sources */ = {isa = PBXBuildFile; fileRef = 85C5CB9A1D15C10600FF5367 /* Sample.swift */; };
		85C5CBA31D15C4CC00FF5367 /* Example.fcs in Resources */ = {isa = PBXBuildFile; fileRef = 85C5CBA21D15C4CC00FF5367 /* Example.fcs */; };
		85C5CBA61D15C56D00FF5367 /* Metal.framework in Frameworks */ = {isa = PBXBuildFile; fileRef = 85C5CBA51D15C56D00FF5367 /* Metal.framework */; };
		85C5CBA81D15C57200FF5367 /* Accelerate.framework in Frameworks */ = {isa = PBXBuildFile; fileRef = 85C5CBA71D15C57200FF5367 /* Accelerate.framework */; };
		85C6DE621D17291D00F34E13 /* CompensationTests.swift in Sources */ = {isa = PBXBuildFile; fileRef = 85C6DE611D17291D00F34E13 /* CompensationTests.swift */; };
		85DF309F1D15FE03001E846B /* Compensation.swift in Sources */ = {isa = PBXBuildFile; fileRef = 85DF309E1D15FE03001E846B /* Compensation.swift */; };
/* End PBXBuildFile section */

/* Begin PBXContainerItemProxy section */
		85C5CB8C1D15BFBD00FF5367 /* PBXContainerItemProxy */ = {
			isa = PBXContainerItemProxy;
			containerPortal = 85C5CB771D15BFBD00FF5367 /* Project object */;
			proxyType = 1;
			remoteGlobalIDString = 85C5CB7F1D15BFBD00FF5367;
			remoteInfo = FlowKit;
		};
/* End PBXContainerItemProxy section */

/* Begin PBXFileReference section */
		855AE20F1D1737C000A87EE1 /* Transform.swift */ = {isa = PBXFileReference; fileEncoding = 4; lastKnownFileType = sourcecode.swift; path = Transform.swift; sourceTree = "<group>"; };
		855AE2111D174AFC00A87EE1 /* LinearTransform.swift */ = {isa = PBXFileReference; fileEncoding = 4; lastKnownFileType = sourcecode.swift; path = LinearTransform.swift; sourceTree = "<group>"; };
		855AE2131D17509D00A87EE1 /* LogTransform.swift */ = {isa = PBXFileReference; fileEncoding = 4; lastKnownFileType = sourcecode.swift; path = LogTransform.swift; sourceTree = "<group>"; };
		855AE2151D1755F100A87EE1 /* AsinhTransform.swift */ = {isa = PBXFileReference; fileEncoding = 4; lastKnownFileType = sourcecode.swift; path = AsinhTransform.swift; sourceTree = "<group>"; };
		855AE2171D175AF300A87EE1 /* TransformTests.swift */ = {isa = PBXFileReference; fileEncoding = 4; lastKnownFileType = sourcecode.swift; name = TransformTests.swift; path = Tests/TransformTests.swift; sourceTree = SOURCE_ROOT; };
		85C5CB801D15BFBD00FF5367 /* FlowKit.framework */ = {isa = PBXFileReference; explicitFileType = wrapper.framework; includeInIndex = 0; path = FlowKit.framework; sourceTree = BUILT_PRODUCTS_DIR; };
		85C5CB831D15BFBD00FF5367 /* FlowKit.h */ = {isa = PBXFileReference; lastKnownFileType = sourcecode.c.h; path = FlowKit.h; sourceTree = "<group>"; };
		85C5CB851D15BFBD00FF5367 /* Info.plist */ = {isa = PBXFileReference; lastKnownFileType = text.plist.xml; path = Info.plist; sourceTree = "<group>"; };
		85C5CB8A1D15BFBD00FF5367 /* FlowKitTests.xctest */ = {isa = PBXFileReference; explicitFileType = wrapper.cfbundle; includeInIndex = 0; path = FlowKitTests.xctest; sourceTree = BUILT_PRODUCTS_DIR; };
		85C5CB8F1D15BFBD00FF5367 /* SampleTests.swift */ = {isa = PBXFileReference; lastKnownFileType = sourcecode.swift; path = SampleTests.swift; sourceTree = "<group>"; };
		85C5CB911D15BFBD00FF5367 /* Info.plist */ = {isa = PBXFileReference; lastKnownFileType = text.plist.xml; path = Info.plist; sourceTree = "<group>"; };
		85C5CB9A1D15C10600FF5367 /* Sample.swift */ = {isa = PBXFileReference; fileEncoding = 4; lastKnownFileType = sourcecode.swift; path = Sample.swift; sourceTree = "<group>"; };
		85C5CBA21D15C4CC00FF5367 /* Example.fcs */ = {isa = PBXFileReference; fileEncoding = 4; lastKnownFileType = text; path = Example.fcs; sourceTree = "<group>"; };
		85C5CBA51D15C56D00FF5367 /* Metal.framework */ = {isa = PBXFileReference; lastKnownFileType = wrapper.framework; name = Metal.framework; path = System/Library/Frameworks/Metal.framework; sourceTree = SDKROOT; };
		85C5CBA71D15C57200FF5367 /* Accelerate.framework */ = {isa = PBXFileReference; lastKnownFileType = wrapper.framework; name = Accelerate.framework; path = System/Library/Frameworks/Accelerate.framework; sourceTree = SDKROOT; };
		85C6DE611D17291D00F34E13 /* CompensationTests.swift */ = {isa = PBXFileReference; fileEncoding = 4; lastKnownFileType = sourcecode.swift; path = CompensationTests.swift; sourceTree = "<group>"; };
		85DF309E1D15FE03001E846B /* Compensation.swift */ = {isa = PBXFileReference; fileEncoding = 4; lastKnownFileType = sourcecode.swift; path = Compensation.swift; sourceTree = "<group>"; };
/* End PBXFileReference section */

/* Begin PBXFrameworksBuildPhase section */
		85C5CB7C1D15BFBD00FF5367 /* Frameworks */ = {
			isa = PBXFrameworksBuildPhase;
			buildActionMask = 2147483647;
			files = (
				85C5CBA81D15C57200FF5367 /* Accelerate.framework in Frameworks */,
				85C5CBA61D15C56D00FF5367 /* Metal.framework in Frameworks */,
			);
			runOnlyForDeploymentPostprocessing = 0;
		};
		85C5CB871D15BFBD00FF5367 /* Frameworks */ = {
			isa = PBXFrameworksBuildPhase;
			buildActionMask = 2147483647;
			files = (
				85C5CB8B1D15BFBD00FF5367 /* FlowKit.framework in Frameworks */,
			);
			runOnlyForDeploymentPostprocessing = 0;
		};
/* End PBXFrameworksBuildPhase section */

/* Begin PBXGroup section */
		85C5CB761D15BFBD00FF5367 = {
			isa = PBXGroup;
			children = (
				85C5CBA41D15C56C00FF5367 /* Frameworks */,
				85C5CB821D15BFBD00FF5367 /* Source */,
				85C5CB8E1D15BFBD00FF5367 /* Tests */,
				85C5CB811D15BFBD00FF5367 /* Products */,
			);
			sourceTree = "<group>";
		};
		85C5CB811D15BFBD00FF5367 /* Products */ = {
			isa = PBXGroup;
			children = (
				85C5CB801D15BFBD00FF5367 /* FlowKit.framework */,
				85C5CB8A1D15BFBD00FF5367 /* FlowKitTests.xctest */,
			);
			name = Products;
			sourceTree = "<group>";
		};
		85C5CB821D15BFBD00FF5367 /* Source */ = {
			isa = PBXGroup;
			children = (
				85C5CB831D15BFBD00FF5367 /* FlowKit.h */,
				85C5CB851D15BFBD00FF5367 /* Info.plist */,
				85C5CB9A1D15C10600FF5367 /* Sample.swift */,
				85DF309E1D15FE03001E846B /* Compensation.swift */,
				855AE20F1D1737C000A87EE1 /* Transform.swift */,
				855AE2111D174AFC00A87EE1 /* LinearTransform.swift */,
				855AE2131D17509D00A87EE1 /* LogTransform.swift */,
				855AE2151D1755F100A87EE1 /* AsinhTransform.swift */,
			);
			path = Source;
			sourceTree = "<group>";
		};
		85C5CB8E1D15BFBD00FF5367 /* Tests */ = {
			isa = PBXGroup;
			children = (
				85C5CBA11D15C4CC00FF5367 /* Resources */,
				85C5CB911D15BFBD00FF5367 /* Info.plist */,
				85C5CB8F1D15BFBD00FF5367 /* SampleTests.swift */,
				85C6DE611D17291D00F34E13 /* CompensationTests.swift */,
				855AE2171D175AF300A87EE1 /* TransformTests.swift */,
			);
			path = Tests;
			sourceTree = "<group>";
		};
		85C5CBA11D15C4CC00FF5367 /* Resources */ = {
			isa = PBXGroup;
			children = (
				85C5CBA21D15C4CC00FF5367 /* Example.fcs */,
			);
			path = Resources;
			sourceTree = "<group>";
		};
		85C5CBA41D15C56C00FF5367 /* Frameworks */ = {
			isa = PBXGroup;
			children = (
				85C5CBA71D15C57200FF5367 /* Accelerate.framework */,
				85C5CBA51D15C56D00FF5367 /* Metal.framework */,
			);
			name = Frameworks;
			sourceTree = "<group>";
		};
/* End PBXGroup section */

/* Begin PBXHeadersBuildPhase section */
		85C5CB7D1D15BFBD00FF5367 /* Headers */ = {
			isa = PBXHeadersBuildPhase;
			buildActionMask = 2147483647;
			files = (
				85C5CB841D15BFBD00FF5367 /* FlowKit.h in Headers */,
			);
			runOnlyForDeploymentPostprocessing = 0;
		};
/* End PBXHeadersBuildPhase section */

/* Begin PBXNativeTarget section */
		85C5CB7F1D15BFBD00FF5367 /* FlowKit */ = {
			isa = PBXNativeTarget;
			buildConfigurationList = 85C5CB941D15BFBD00FF5367 /* Build configuration list for PBXNativeTarget "FlowKit" */;
			buildPhases = (
				85C5CB7B1D15BFBD00FF5367 /* Sources */,
				85C5CB7C1D15BFBD00FF5367 /* Frameworks */,
				85C5CB7D1D15BFBD00FF5367 /* Headers */,
				85C5CB7E1D15BFBD00FF5367 /* Resources */,
			);
			buildRules = (
			);
			dependencies = (
			);
			name = FlowKit;
			productName = FlowKit;
			productReference = 85C5CB801D15BFBD00FF5367 /* FlowKit.framework */;
			productType = "com.apple.product-type.framework";
		};
		85C5CB891D15BFBD00FF5367 /* FlowKitTests */ = {
			isa = PBXNativeTarget;
			buildConfigurationList = 85C5CB971D15BFBD00FF5367 /* Build configuration list for PBXNativeTarget "FlowKitTests" */;
			buildPhases = (
				85C5CB861D15BFBD00FF5367 /* Sources */,
				85C5CB871D15BFBD00FF5367 /* Frameworks */,
				85C5CB881D15BFBD00FF5367 /* Resources */,
			);
			buildRules = (
			);
			dependencies = (
				85C5CB8D1D15BFBD00FF5367 /* PBXTargetDependency */,
			);
			name = FlowKitTests;
			productName = FlowKitTests;
			productReference = 85C5CB8A1D15BFBD00FF5367 /* FlowKitTests.xctest */;
			productType = "com.apple.product-type.bundle.unit-test";
		};
/* End PBXNativeTarget section */

/* Begin PBXProject section */
		85C5CB771D15BFBD00FF5367 /* Project object */ = {
			isa = PBXProject;
			attributes = {
				LastSwiftUpdateCheck = 0800;
				LastUpgradeCheck = 0800;
				ORGANIZATIONNAME = "Xiaodi Wu";
				TargetAttributes = {
					85C5CB7F1D15BFBD00FF5367 = {
						CreatedOnToolsVersion = 8.0;
						DevelopmentTeam = FRC6CVKX9G;
						DevelopmentTeamName = "Chiping Wu (Personal Team)";
						LastSwiftMigration = 0800;
						ProvisioningStyle = Automatic;
					};
					85C5CB891D15BFBD00FF5367 = {
						CreatedOnToolsVersion = 8.0;
						DevelopmentTeam = FRC6CVKX9G;
						DevelopmentTeamName = "Chiping Wu (Personal Team)";
						ProvisioningStyle = Automatic;
					};
				};
			};
			buildConfigurationList = 85C5CB7A1D15BFBD00FF5367 /* Build configuration list for PBXProject "FlowKit" */;
			compatibilityVersion = "Xcode 3.2";
			developmentRegion = English;
			hasScannedForEncodings = 0;
			knownRegions = (
				en,
			);
			mainGroup = 85C5CB761D15BFBD00FF5367;
			productRefGroup = 85C5CB811D15BFBD00FF5367 /* Products */;
			projectDirPath = "";
			projectRoot = "";
			targets = (
				85C5CB7F1D15BFBD00FF5367 /* FlowKit */,
				85C5CB891D15BFBD00FF5367 /* FlowKitTests */,
			);
		};
/* End PBXProject section */

/* Begin PBXResourcesBuildPhase section */
		85C5CB7E1D15BFBD00FF5367 /* Resources */ = {
			isa = PBXResourcesBuildPhase;
			buildActionMask = 2147483647;
			files = (
			);
			runOnlyForDeploymentPostprocessing = 0;
		};
		85C5CB881D15BFBD00FF5367 /* Resources */ = {
			isa = PBXResourcesBuildPhase;
			buildActionMask = 2147483647;
			files = (
				85C5CBA31D15C4CC00FF5367 /* Example.fcs in Resources */,
			);
			runOnlyForDeploymentPostprocessing = 0;
		};
/* End PBXResourcesBuildPhase section */

/* Begin PBXSourcesBuildPhase section */
		85C5CB7B1D15BFBD00FF5367 /* Sources */ = {
			isa = PBXSourcesBuildPhase;
			buildActionMask = 2147483647;
			files = (
				855AE2161D1755F100A87EE1 /* AsinhTransform.swift in Sources */,
				85C5CB9B1D15C10600FF5367 /* Sample.swift in Sources */,
				855AE2101D1737C000A87EE1 /* Transform.swift in Sources */,
				85DF309F1D15FE03001E846B /* Compensation.swift in Sources */,
				855AE2121D174AFC00A87EE1 /* LinearTransform.swift in Sources */,
				855AE2141D17509D00A87EE1 /* LogTransform.swift in Sources */,
			);
			runOnlyForDeploymentPostprocessing = 0;
		};
		85C5CB861D15BFBD00FF5367 /* Sources */ = {
			isa = PBXSourcesBuildPhase;
			buildActionMask = 2147483647;
			files = (
				855AE2181D175AF300A87EE1 /* TransformTests.swift in Sources */,
				85C5CB901D15BFBD00FF5367 /* SampleTests.swift in Sources */,
				85C6DE621D17291D00F34E13 /* CompensationTests.swift in Sources */,
			);
			runOnlyForDeploymentPostprocessing = 0;
		};
/* End PBXSourcesBuildPhase section */

/* Begin PBXTargetDependency section */
		85C5CB8D1D15BFBD00FF5367 /* PBXTargetDependency */ = {
			isa = PBXTargetDependency;
			target = 85C5CB7F1D15BFBD00FF5367 /* FlowKit */;
			targetProxy = 85C5CB8C1D15BFBD00FF5367 /* PBXContainerItemProxy */;
		};
/* End PBXTargetDependency section */

/* Begin XCBuildConfiguration section */
		85C5CB921D15BFBD00FF5367 /* Debug */ = {
			isa = XCBuildConfiguration;
			buildSettings = {
				ALWAYS_SEARCH_USER_PATHS = NO;
				CLANG_ANALYZER_NONNULL = YES;
				CLANG_CXX_LANGUAGE_STANDARD = "gnu++0x";
				CLANG_CXX_LIBRARY = "libc++";
				CLANG_ENABLE_MODULES = YES;
				CLANG_ENABLE_OBJC_ARC = YES;
				CLANG_WARN_BOOL_CONVERSION = YES;
				CLANG_WARN_CONSTANT_CONVERSION = YES;
				CLANG_WARN_DIRECT_OBJC_ISA_USAGE = YES_ERROR;
				CLANG_WARN_DOCUMENTATION_COMMENTS = YES;
				CLANG_WARN_EMPTY_BODY = YES;
				CLANG_WARN_ENUM_CONVERSION = YES;
				CLANG_WARN_INT_CONVERSION = YES;
				CLANG_WARN_OBJC_ROOT_CLASS = YES_ERROR;
				CLANG_WARN_UNREACHABLE_CODE = YES;
				CLANG_WARN__DUPLICATE_METHOD_MATCH = YES;
				CODE_SIGN_IDENTITY = "-";
				COPY_PHASE_STRIP = NO;
				CURRENT_PROJECT_VERSION = 1;
				DEBUG_INFORMATION_FORMAT = dwarf;
				ENABLE_STRICT_OBJC_MSGSEND = YES;
				ENABLE_TESTABILITY = YES;
				GCC_C_LANGUAGE_STANDARD = gnu99;
				GCC_DYNAMIC_NO_PIC = NO;
				GCC_NO_COMMON_BLOCKS = YES;
				GCC_OPTIMIZATION_LEVEL = 0;
				GCC_PREPROCESSOR_DEFINITIONS = (
					"DEBUG=1",
					"$(inherited)",
				);
				GCC_WARN_64_TO_32_BIT_CONVERSION = YES;
				GCC_WARN_ABOUT_RETURN_TYPE = YES_ERROR;
				GCC_WARN_UNDECLARED_SELECTOR = YES;
				GCC_WARN_UNINITIALIZED_AUTOS = YES_AGGRESSIVE;
				GCC_WARN_UNUSED_FUNCTION = YES;
				GCC_WARN_UNUSED_VARIABLE = YES;
				MACOSX_DEPLOYMENT_TARGET = 10.11;
				MTL_ENABLE_DEBUG_INFO = YES;
				ONLY_ACTIVE_ARCH = YES;
				SDKROOT = macosx;
				SWIFT_ACTIVE_COMPILATION_CONDITIONS = DEBUG;
				SWIFT_OPTIMIZATION_LEVEL = "-Onone";
				VERSIONING_SYSTEM = "apple-generic";
				VERSION_INFO_PREFIX = "";
			};
			name = Debug;
		};
		85C5CB931D15BFBD00FF5367 /* Release */ = {
			isa = XCBuildConfiguration;
			buildSettings = {
				ALWAYS_SEARCH_USER_PATHS = NO;
				CLANG_ANALYZER_NONNULL = YES;
				CLANG_CXX_LANGUAGE_STANDARD = "gnu++0x";
				CLANG_CXX_LIBRARY = "libc++";
				CLANG_ENABLE_MODULES = YES;
				CLANG_ENABLE_OBJC_ARC = YES;
				CLANG_WARN_BOOL_CONVERSION = YES;
				CLANG_WARN_CONSTANT_CONVERSION = YES;
				CLANG_WARN_DIRECT_OBJC_ISA_USAGE = YES_ERROR;
				CLANG_WARN_DOCUMENTATION_COMMENTS = YES;
				CLANG_WARN_EMPTY_BODY = YES;
				CLANG_WARN_ENUM_CONVERSION = YES;
				CLANG_WARN_INT_CONVERSION = YES;
				CLANG_WARN_OBJC_ROOT_CLASS = YES_ERROR;
				CLANG_WARN_UNREACHABLE_CODE = YES;
				CLANG_WARN__DUPLICATE_METHOD_MATCH = YES;
				CODE_SIGN_IDENTITY = "-";
				COPY_PHASE_STRIP = NO;
				CURRENT_PROJECT_VERSION = 1;
				DEBUG_INFORMATION_FORMAT = "dwarf-with-dsym";
				ENABLE_NS_ASSERTIONS = NO;
				ENABLE_STRICT_OBJC_MSGSEND = YES;
				GCC_C_LANGUAGE_STANDARD = gnu99;
				GCC_NO_COMMON_BLOCKS = YES;
				GCC_WARN_64_TO_32_BIT_CONVERSION = YES;
				GCC_WARN_ABOUT_RETURN_TYPE = YES_ERROR;
				GCC_WARN_UNDECLARED_SELECTOR = YES;
				GCC_WARN_UNINITIALIZED_AUTOS = YES_AGGRESSIVE;
				GCC_WARN_UNUSED_FUNCTION = YES;
				GCC_WARN_UNUSED_VARIABLE = YES;
				MACOSX_DEPLOYMENT_TARGET = 10.11;
				MTL_ENABLE_DEBUG_INFO = NO;
				SDKROOT = macosx;
				SWIFT_OPTIMIZATION_LEVEL = "-Owholemodule";
				VERSIONING_SYSTEM = "apple-generic";
				VERSION_INFO_PREFIX = "";
			};
			name = Release;
		};
		85C5CB951D15BFBD00FF5367 /* Debug */ = {
			isa = XCBuildConfiguration;
			buildSettings = {
				CLANG_ENABLE_MODULES = YES;
				COMBINE_HIDPI_IMAGES = YES;
				DEFINES_MODULE = YES;
				DYLIB_COMPATIBILITY_VERSION = 1;
				DYLIB_CURRENT_VERSION = 1;
				DYLIB_INSTALL_NAME_BASE = "@rpath";
				FRAMEWORK_VERSION = A;
				INFOPLIST_FILE = Source/Info.plist;
				INSTALL_PATH = "$(LOCAL_LIBRARY_DIR)/Frameworks";
				LD_RUNPATH_SEARCH_PATHS = "$(inherited) @executable_path/../Frameworks @loader_path/Frameworks";
				PRODUCT_BUNDLE_IDENTIFIER = ca.diploid.FlowKit;
				PRODUCT_NAME = "$(TARGET_NAME)";
				SKIP_INSTALL = YES;
				SWIFT_OPTIMIZATION_LEVEL = "-Onone";
				SWIFT_VERSION = 3.0;
			};
			name = Debug;
		};
		85C5CB961D15BFBD00FF5367 /* Release */ = {
			isa = XCBuildConfiguration;
			buildSettings = {
				CLANG_ENABLE_MODULES = YES;
				COMBINE_HIDPI_IMAGES = YES;
				DEFINES_MODULE = YES;
				DYLIB_COMPATIBILITY_VERSION = 1;
				DYLIB_CURRENT_VERSION = 1;
				DYLIB_INSTALL_NAME_BASE = "@rpath";
				FRAMEWORK_VERSION = A;
				INFOPLIST_FILE = Source/Info.plist;
				INSTALL_PATH = "$(LOCAL_LIBRARY_DIR)/Frameworks";
				LD_RUNPATH_SEARCH_PATHS = "$(inherited) @executable_path/../Frameworks @loader_path/Frameworks";
				PRODUCT_BUNDLE_IDENTIFIER = ca.diploid.FlowKit;
				PRODUCT_NAME = "$(TARGET_NAME)";
				SKIP_INSTALL = YES;
				SWIFT_VERSION = 3.0;
			};
			name = Release;
		};
		85C5CB981D15BFBD00FF5367 /* Debug */ = {
			isa = XCBuildConfiguration;
			buildSettings = {
				COMBINE_HIDPI_IMAGES = YES;
				INFOPLIST_FILE = Tests/Info.plist;
				LD_RUNPATH_SEARCH_PATHS = "$(inherited) @executable_path/../Frameworks @loader_path/../Frameworks";
				PRODUCT_BUNDLE_IDENTIFIER = ca.diploid.FlowKitTests;
				PRODUCT_NAME = "$(TARGET_NAME)";
				SWIFT_VERSION = 3.0;
			};
			name = Debug;
		};
		85C5CB991D15BFBD00FF5367 /* Release */ = {
			isa = XCBuildConfiguration;
			buildSettings = {
				COMBINE_HIDPI_IMAGES = YES;
				INFOPLIST_FILE = Tests/Info.plist;
				LD_RUNPATH_SEARCH_PATHS = "$(inherited) @executable_path/../Frameworks @loader_path/../Frameworks";
				PRODUCT_BUNDLE_IDENTIFIER = ca.diploid.FlowKitTests;
				PRODUCT_NAME = "$(TARGET_NAME)";
				SWIFT_VERSION = 3.0;
			};
			name = Release;
		};
/* End XCBuildConfiguration section */

/* Begin XCConfigurationList section */
		85C5CB7A1D15BFBD00FF5367 /* Build configuration list for PBXProject "FlowKit" */ = {
			isa = XCConfigurationList;
			buildConfigurations = (
				85C5CB921D15BFBD00FF5367 /* Debug */,
				85C5CB931D15BFBD00FF5367 /* Release */,
			);
			defaultConfigurationIsVisible = 0;
			defaultConfigurationName = Release;
		};
		85C5CB941D15BFBD00FF5367 /* Build configuration list for PBXNativeTarget "FlowKit" */ = {
			isa = XCConfigurationList;
			buildConfigurations = (
				85C5CB951D15BFBD00FF5367 /* Debug */,
				85C5CB961D15BFBD00FF5367 /* Release */,
			);
			defaultConfigurationIsVisible = 0;
			defaultConfigurationName = Release;
		};
		85C5CB971D15BFBD00FF5367 /* Build configuration list for PBXNativeTarget "FlowKitTests" */ = {
			isa = XCConfigurationList;
			buildConfigurations = (
				85C5CB981D15BFBD00FF5367 /* Debug */,
				85C5CB991D15BFBD00FF5367 /* Release */,
			);
			defaultConfigurationIsVisible = 0;
			defaultConfigurationName = Release;
		};
/* End XCConfigurationList section */
	};
	rootObject = 85C5CB771D15BFBD00FF5367 /* Project object */;
}
